<?xml version="1.0" encoding="utf-8"?>
<Project ToolsVersion="4.0" xmlns="http://schemas.microsoft.com/developer/msbuild/2003">
  <ItemGroup>
    <Filter Include="ソース ファイル">
      <UniqueIdentifier>{4FC737F1-C7A5-4376-A066-2A32D752A2FF}</UniqueIdentifier>
      <Extensions>cpp;c;cc;cxx;def;odl;idl;hpj;bat;asm;asmx</Extensions>
    </Filter>
    <Filter Include="リソース ファイル">
      <UniqueIdentifier>{67DA6AB6-F800-4c08-8B7A-83BB121AAD01}</UniqueIdentifier>
      <Extensions>rc;ico;cur;bmp;dlg;rc2;rct;bin;rgs;gif;jpg;jpeg;jpe;resx;tiff;tif;png;wav;mfcribbon-ms</Extensions>
    </Filter>
    <Filter Include="hlsl">
      <UniqueIdentifier>{48a15213-fc33-4fdf-8037-e09d2077729c}</UniqueIdentifier>
    </Filter>
    <Filter Include="imgui">
      <UniqueIdentifier>{7e8b66e8-972f-45a3-b331-f91dd61a3752}</UniqueIdentifier>
    </Filter>
    <Filter Include="ソース ファイル\Polygon">
      <UniqueIdentifier>{f3ec6e00-4df8-45a2-972c-fa2dc3882bc5}</UniqueIdentifier>
    </Filter>
    <Filter Include="ソース ファイル\Polygon\2D">
      <UniqueIdentifier>{b50ef791-69bd-4918-a0df-100c185bb808}</UniqueIdentifier>
    </Filter>
    <Filter Include="ソース ファイル\Polygon\3D">
      <UniqueIdentifier>{7c8db71f-774b-4438-85c7-989a20568a17}</UniqueIdentifier>
    </Filter>
    <Filter Include="ソース ファイル\Scene">
      <UniqueIdentifier>{4af11e8a-b7e6-4a97-bcfb-e6157c294b64}</UniqueIdentifier>
    </Filter>
    <Filter Include="ソース ファイル\Model">
      <UniqueIdentifier>{2413b6ef-3429-4fd2-b49b-5faa64d92a39}</UniqueIdentifier>
    </Filter>
    <Filter Include="ソース ファイル\Model\Player">
      <UniqueIdentifier>{6c6eebe7-c201-4b62-a091-3f1fadbe7a69}</UniqueIdentifier>
    </Filter>
    <Filter Include="ソース ファイル\Model\Weapon">
      <UniqueIdentifier>{e8ff7caf-7a51-4856-8038-64caee0c0740}</UniqueIdentifier>
    </Filter>
    <Filter Include="ソース ファイル\Model\Object">
      <UniqueIdentifier>{df3dfa05-4f91-4aaf-9cd9-7fd966e9f71c}</UniqueIdentifier>
    </Filter>
    <Filter Include="ソース ファイル\Camera">
      <UniqueIdentifier>{df0ed7f3-8e43-4624-80c2-490c5d454b1c}</UniqueIdentifier>
    </Filter>
    <Filter Include="hlsl\PS">
      <UniqueIdentifier>{7d2a47fb-5933-4f08-a585-13afaa205f4e}</UniqueIdentifier>
    </Filter>
    <Filter Include="hlsl\VS">
      <UniqueIdentifier>{3cb4ee80-6724-4cd2-9565-892f8d176b09}</UniqueIdentifier>
    </Filter>
    <Filter Include="ソース ファイル\Polygon\2D\Texture">
      <UniqueIdentifier>{44f66ac6-f02c-46a0-accc-d5f12d6ef86a}</UniqueIdentifier>
    </Filter>
    <Filter Include="ソース ファイル\Polygon\3D\Effect">
      <UniqueIdentifier>{0caf18cf-bbdd-43c8-a7b4-7141d2eae822}</UniqueIdentifier>
    </Filter>
    <Filter Include="ソース ファイル\Component">
      <UniqueIdentifier>{04c5f7cb-5596-4ea4-a360-1f94a3114fc3}</UniqueIdentifier>
    </Filter>
    <Filter Include="ソース ファイル\System">
      <UniqueIdentifier>{851d0c8b-f89d-4938-b6c3-9a7b31580f5b}</UniqueIdentifier>
    </Filter>
    <Filter Include="ソース ファイル\Polygon\3D\Field">
      <UniqueIdentifier>{ac3fd2c1-11b8-439b-8209-8ecbabc53f4a}</UniqueIdentifier>
    </Filter>
    <Filter Include="ソース ファイル\Model\Enemy">
      <UniqueIdentifier>{e7ecf76a-bd09-4c61-95aa-8670e702a551}</UniqueIdentifier>
    </Filter>
    <Filter Include="ソース ファイル\Model\Weapon\Missile">
      <UniqueIdentifier>{2027c5a3-0c53-4987-bdbd-47638b00c4be}</UniqueIdentifier>
    </Filter>
  </ItemGroup>
  <ItemGroup>
    <ClCompile Include="imgui\imgui_tables.cpp">
      <Filter>imgui</Filter>
    </ClCompile>
    <ClCompile Include="imgui\imgui_widgets.cpp">
      <Filter>imgui</Filter>
    </ClCompile>
    <ClCompile Include="imgui\imgui.cpp">
      <Filter>imgui</Filter>
    </ClCompile>
    <ClCompile Include="imgui\imgui_demo.cpp">
      <Filter>imgui</Filter>
    </ClCompile>
    <ClCompile Include="imgui\imgui_draw.cpp">
      <Filter>imgui</Filter>
    </ClCompile>
    <ClCompile Include="imgui\imgui_impl_dx11.cpp">
      <Filter>imgui</Filter>
    </ClCompile>
    <ClCompile Include="imgui\imgui_impl_win32.cpp">
      <Filter>imgui</Filter>
    </ClCompile>
    <ClCompile Include="cross.cpp">
      <Filter>ソース ファイル\Polygon\3D</Filter>
    </ClCompile>
    <ClCompile Include="explosion.cpp">
      <Filter>ソース ファイル\Polygon\3D</Filter>
    </ClCompile>
    <ClCompile Include="fade.cpp">
      <Filter>ソース ファイル\Polygon\2D</Filter>
    </ClCompile>
    <ClCompile Include="hpGauge.cpp">
      <Filter>ソース ファイル\Polygon\2D</Filter>
    </ClCompile>
    <ClCompile Include="jetUI.cpp">
      <Filter>ソース ファイル\Polygon\2D</Filter>
    </ClCompile>
    <ClCompile Include="loadingLogo.cpp">
      <Filter>ソース ファイル\Polygon\2D</Filter>
    </ClCompile>
    <ClCompile Include="loadingScreen.cpp">
      <Filter>ソース ファイル\Polygon\2D</Filter>
    </ClCompile>
    <ClCompile Include="lock.cpp">
      <Filter>ソース ファイル\Polygon\3D</Filter>
    </ClCompile>
    <ClCompile Include="lockOn.cpp">
      <Filter>ソース ファイル\Polygon\3D</Filter>
    </ClCompile>
    <ClCompile Include="missileUI.cpp">
      <Filter>ソース ファイル\Polygon\2D</Filter>
    </ClCompile>
    <ClCompile Include="smoke.cpp">
      <Filter>ソース ファイル\Polygon\3D</Filter>
    </ClCompile>
    <ClCompile Include="startButton.cpp">
      <Filter>ソース ファイル\Polygon\2D</Filter>
    </ClCompile>
    <ClCompile Include="titleLogo.cpp">
      <Filter>ソース ファイル\Polygon\2D</Filter>
    </ClCompile>
    <ClCompile Include="game.cpp">
      <Filter>ソース ファイル\Scene</Filter>
    </ClCompile>
    <ClCompile Include="title.cpp">
      <Filter>ソース ファイル\Scene</Filter>
    </ClCompile>
    <ClCompile Include="loading.cpp">
      <Filter>ソース ファイル\Scene</Filter>
    </ClCompile>
    <ClCompile Include="result.cpp">
      <Filter>ソース ファイル\Scene</Filter>
    </ClCompile>
    <ClCompile Include="flare.cpp">
      <Filter>ソース ファイル\Model\Weapon</Filter>
    </ClCompile>
    <ClCompile Include="bullet.cpp">
      <Filter>ソース ファイル\Model\Weapon</Filter>
    </ClCompile>
    <ClCompile Include="airport.cpp">
      <Filter>ソース ファイル\Model\Object</Filter>
    </ClCompile>
    <ClCompile Include="box.cpp">
      <Filter>ソース ファイル\Model\Object</Filter>
    </ClCompile>
    <ClCompile Include="cylinder.cpp">
      <Filter>ソース ファイル\Model\Object</Filter>
    </ClCompile>
    <ClCompile Include="dome.cpp">
      <Filter>ソース ファイル\Model\Object</Filter>
    </ClCompile>
    <ClCompile Include="camera.cpp">
      <Filter>ソース ファイル\Camera</Filter>
    </ClCompile>
    <ClCompile Include="titleCamera.cpp">
      <Filter>ソース ファイル\Camera</Filter>
    </ClCompile>
    <ClCompile Include="teamJet.cpp">
      <Filter>ソース ファイル\Model\Object</Filter>
    </ClCompile>
    <ClCompile Include="collisionBox.cpp">
      <Filter>ソース ファイル\Model\Object</Filter>
    </ClCompile>
    <ClCompile Include="textureLoad.cpp">
      <Filter>ソース ファイル\Polygon\2D\Texture</Filter>
    </ClCompile>
    <ClCompile Include="textureManager.cpp">
      <Filter>ソース ファイル\Polygon\2D\Texture</Filter>
    </ClCompile>
    <ClCompile Include="enemyDistance.cpp">
      <Filter>ソース ファイル\Polygon\3D</Filter>
    </ClCompile>
    <ClCompile Include="effectLoad.cpp">
      <Filter>ソース ファイル\Polygon\3D\Effect</Filter>
    </ClCompile>
    <ClCompile Include="effectManager.cpp">
      <Filter>ソース ファイル\Polygon\3D\Effect</Filter>
    </ClCompile>
    <ClCompile Include="input.cpp">
      <Filter>ソース ファイル\System</Filter>
    </ClCompile>
    <ClCompile Include="main.cpp">
      <Filter>ソース ファイル\System</Filter>
    </ClCompile>
    <ClCompile Include="manager.cpp">
      <Filter>ソース ファイル\System</Filter>
    </ClCompile>
    <ClCompile Include="renderer.cpp">
      <Filter>ソース ファイル\System</Filter>
    </ClCompile>
    <ClCompile Include="pch.cpp">
      <Filter>ソース ファイル\System</Filter>
    </ClCompile>
    <ClCompile Include="sprite.cpp">
      <Filter>ソース ファイル\Component</Filter>
    </ClCompile>
    <ClCompile Include="audio.cpp">
      <Filter>ソース ファイル\Component</Filter>
    </ClCompile>
    <ClCompile Include="spritefield.cpp">
      <Filter>ソース ファイル\Component</Filter>
    </ClCompile>
    <ClCompile Include="model.cpp">
      <Filter>ソース ファイル\System</Filter>
    </ClCompile>
    <ClCompile Include="inputx.cpp">
      <Filter>ソース ファイル\System</Filter>
    </ClCompile>
    <ClCompile Include="fire.cpp">
      <Filter>ソース ファイル\Model\Player</Filter>
    </ClCompile>
    <ClCompile Include="engineFire.cpp">
      <Filter>ソース ファイル\Polygon\3D</Filter>
    </ClCompile>
    <ClCompile Include="timer.cpp">
      <Filter>ソース ファイル\Polygon\2D</Filter>
    </ClCompile>
    <ClCompile Include="trail.cpp">
      <Filter>ソース ファイル\Polygon\3D</Filter>
    </ClCompile>
    <ClCompile Include="tutorial.cpp">
      <Filter>ソース ファイル\Scene</Filter>
    </ClCompile>
    <ClCompile Include="field.cpp">
      <Filter>ソース ファイル\Polygon\3D\Field</Filter>
    </ClCompile>
    <ClCompile Include="titleField.cpp">
      <Filter>ソース ファイル\Polygon\3D\Field</Filter>
    </ClCompile>
    <ClCompile Include="meshField.cpp">
      <Filter>ソース ファイル\Polygon\3D\Field</Filter>
    </ClCompile>
    <ClCompile Include="enemyJet.cpp">
      <Filter>ソース ファイル\Model\Enemy</Filter>
    </ClCompile>
    <ClCompile Include="arrow.cpp">
      <Filter>ソース ファイル\Model\Player</Filter>
    </ClCompile>
    <ClCompile Include="sundome.cpp">
      <Filter>ソース ファイル\Model\Object</Filter>
    </ClCompile>
    <ClCompile Include="seaField.cpp">
      <Filter>ソース ファイル\Polygon\3D\Field</Filter>
    </ClCompile>
    <ClCompile Include="hitBullet.cpp">
      <Filter>ソース ファイル\Polygon\3D</Filter>
    </ClCompile>
    <ClCompile Include="desertField.cpp">
      <Filter>ソース ファイル\Polygon\3D\Field</Filter>
    </ClCompile>
    <ClCompile Include="longMissile.cpp">
      <Filter>ソース ファイル\Model\Weapon\Missile</Filter>
    </ClCompile>
    <ClCompile Include="missile.cpp">
      <Filter>ソース ファイル\Model\Weapon\Missile</Filter>
    </ClCompile>
    <ClCompile Include="missileFire.cpp">
      <Filter>ソース ファイル\Model\Weapon\Missile</Filter>
    </ClCompile>
    <ClCompile Include="lockon2D.cpp">
      <Filter>ソース ファイル\Polygon\2D</Filter>
    </ClCompile>
    <ClCompile Include="tgt.cpp">
      <Filter>ソース ファイル\Polygon\3D</Filter>
    </ClCompile>
    <ClCompile Include="longMissileUI.cpp">
      <Filter>ソース ファイル\Polygon\2D</Filter>
    </ClCompile>
    <ClCompile Include="jet.cpp">
      <Filter>ソース ファイル\Model\Player</Filter>
    </ClCompile>
    <ClCompile Include="enemyManager.cpp">
      <Filter>ソース ファイル\Model\Enemy</Filter>
    </ClCompile>
    <ClCompile Include="weaponManager.cpp">
      <Filter>ソース ファイル\Model\Weapon</Filter>
    </ClCompile>
    <ClCompile Include="debug.cpp">
      <Filter>ソース ファイル\System</Filter>
    </ClCompile>
    <ClCompile Include="engine.cpp">
      <Filter>ソース ファイル\Model\Player</Filter>
    </ClCompile>
    <ClCompile Include="weaponSystem.cpp">
      <Filter>ソース ファイル\Model\Player</Filter>
    </ClCompile>
    <ClCompile Include="controlStick.cpp">
      <Filter>ソース ファイル\Model\Player</Filter>
    </ClCompile>
    <ClCompile Include="lockOnSystem.cpp">
      <Filter>ソース ファイル\Model\Player</Filter>
    </ClCompile>
    <ClCompile Include="stealthSystem.cpp">
      <Filter>ソース ファイル\Model\Player</Filter>
    </ClCompile>
    <ClCompile Include="flareSystem.cpp">
      <Filter>ソース ファイル\Model\Player</Filter>
    </ClCompile>
    <ClCompile Include="wing.cpp">
      <Filter>ソース ファイル\Model\Player</Filter>
    </ClCompile>
  </ItemGroup>
  <ItemGroup>
    <ClInclude Include="imgui\imgui_impl_win32.h">
      <Filter>imgui</Filter>
    </ClInclude>
    <ClInclude Include="imgui\imgui_internal.h">
      <Filter>imgui</Filter>
    </ClInclude>
    <ClInclude Include="imgui\imstb_rectpack.h">
      <Filter>imgui</Filter>
    </ClInclude>
    <ClInclude Include="imgui\imstb_textedit.h">
      <Filter>imgui</Filter>
    </ClInclude>
    <ClInclude Include="imgui\imstb_truetype.h">
      <Filter>imgui</Filter>
    </ClInclude>
    <ClInclude Include="imgui\imconfig.h">
      <Filter>imgui</Filter>
    </ClInclude>
    <ClInclude Include="imgui\imgui.h">
      <Filter>imgui</Filter>
    </ClInclude>
    <ClInclude Include="imgui\imgui_impl_dx11.h">
      <Filter>imgui</Filter>
    </ClInclude>
    <ClInclude Include="arrow.h">
      <Filter>ソース ファイル\Model\Player</Filter>
    </ClInclude>
    <ClInclude Include="controlStick.h">
      <Filter>ソース ファイル\Model\Player</Filter>
    </ClInclude>
    <ClInclude Include="engine.h">
      <Filter>ソース ファイル\Model\Player</Filter>
    </ClInclude>
    <ClInclude Include="fire.h">
      <Filter>ソース ファイル\Model\Player</Filter>
    </ClInclude>
    <ClInclude Include="flareSystem.h">
      <Filter>ソース ファイル\Model\Player</Filter>
    </ClInclude>
    <ClInclude Include="jet.h">
      <Filter>ソース ファイル\Model\Player</Filter>
    </ClInclude>
    <ClInclude Include="lockOnSystem.h">
      <Filter>ソース ファイル\Model\Player</Filter>
    </ClInclude>
    <ClInclude Include="stealthSystem.h">
      <Filter>ソース ファイル\Model\Player</Filter>
    </ClInclude>
    <ClInclude Include="weaponSystem.h">
      <Filter>ソース ファイル\Model\Player</Filter>
    </ClInclude>
    <ClInclude Include="wing.h">
      <Filter>ソース ファイル\Model\Player</Filter>
    </ClInclude>
    <ClInclude Include="camera.h">
      <Filter>ソース ファイル\Camera</Filter>
    </ClInclude>
    <ClInclude Include="titleCamera.h">
      <Filter>ソース ファイル\Camera</Filter>
    </ClInclude>
    <ClInclude Include="audio.h">
      <Filter>ソース ファイル\Component</Filter>
    </ClInclude>
    <ClInclude Include="component.h">
      <Filter>ソース ファイル\Component</Filter>
    </ClInclude>
    <ClInclude Include="sprite.h">
      <Filter>ソース ファイル\Component</Filter>
    </ClInclude>
    <ClInclude Include="spritefield.h">
      <Filter>ソース ファイル\Component</Filter>
    </ClInclude>
    <ClInclude Include="enemyJet.h">
      <Filter>ソース ファイル\Model\Enemy</Filter>
    </ClInclude>
    <ClInclude Include="enemyManager.h">
      <Filter>ソース ファイル\Model\Enemy</Filter>
    </ClInclude>
    <ClInclude Include="airport.h">
      <Filter>ソース ファイル\Model\Object</Filter>
    </ClInclude>
    <ClInclude Include="box.h">
      <Filter>ソース ファイル\Model\Object</Filter>
    </ClInclude>
    <ClInclude Include="collisionBox.h">
      <Filter>ソース ファイル\Model\Object</Filter>
    </ClInclude>
    <ClInclude Include="cylinder.h">
      <Filter>ソース ファイル\Model\Object</Filter>
    </ClInclude>
    <ClInclude Include="dome.h">
      <Filter>ソース ファイル\Model\Object</Filter>
    </ClInclude>
    <ClInclude Include="sundome.h">
      <Filter>ソース ファイル\Model\Object</Filter>
    </ClInclude>
    <ClInclude Include="teamJet.h">
      <Filter>ソース ファイル\Model\Object</Filter>
    </ClInclude>
    <ClInclude Include="longMissile.h">
      <Filter>ソース ファイル\Model\Weapon\Missile</Filter>
    </ClInclude>
    <ClInclude Include="missile.h">
      <Filter>ソース ファイル\Model\Weapon\Missile</Filter>
    </ClInclude>
    <ClInclude Include="missileFire.h">
      <Filter>ソース ファイル\Model\Weapon\Missile</Filter>
    </ClInclude>
    <ClInclude Include="bullet.h">
      <Filter>ソース ファイル\Model\Weapon</Filter>
    </ClInclude>
    <ClInclude Include="flare.h">
      <Filter>ソース ファイル\Model\Weapon</Filter>
    </ClInclude>
    <ClInclude Include="weaponManager.h">
      <Filter>ソース ファイル\Model\Weapon</Filter>
    </ClInclude>
    <ClInclude Include="textureLoad.h">
      <Filter>ソース ファイル\Polygon\2D\Texture</Filter>
    </ClInclude>
    <ClInclude Include="textureManager.h">
      <Filter>ソース ファイル\Polygon\2D\Texture</Filter>
    </ClInclude>
    <ClInclude Include="fade.h">
      <Filter>ソース ファイル\Polygon\2D</Filter>
    </ClInclude>
    <ClInclude Include="hpGauge.h">
      <Filter>ソース ファイル\Polygon\2D</Filter>
    </ClInclude>
    <ClInclude Include="jetUI.h">
      <Filter>ソース ファイル\Polygon\2D</Filter>
    </ClInclude>
    <ClInclude Include="loadingLogo.h">
      <Filter>ソース ファイル\Polygon\2D</Filter>
    </ClInclude>
    <ClInclude Include="loadingScreen.h">
      <Filter>ソース ファイル\Polygon\2D</Filter>
    </ClInclude>
    <ClInclude Include="lockon2D.h">
      <Filter>ソース ファイル\Polygon\2D</Filter>
    </ClInclude>
    <ClInclude Include="longMissileUI.h">
      <Filter>ソース ファイル\Polygon\2D</Filter>
    </ClInclude>
    <ClInclude Include="missileUI.h">
      <Filter>ソース ファイル\Polygon\2D</Filter>
    </ClInclude>
    <ClInclude Include="startButton.h">
      <Filter>ソース ファイル\Polygon\2D</Filter>
    </ClInclude>
    <ClInclude Include="timer.h">
      <Filter>ソース ファイル\Polygon\2D</Filter>
    </ClInclude>
    <ClInclude Include="titleLogo.h">
      <Filter>ソース ファイル\Polygon\2D</Filter>
    </ClInclude>
    <ClInclude Include="cross.h">
      <Filter>ソース ファイル\Polygon\3D</Filter>
    </ClInclude>
    <ClInclude Include="enemyDistance.h">
      <Filter>ソース ファイル\Polygon\3D</Filter>
    </ClInclude>
    <ClInclude Include="engineFire.h">
      <Filter>ソース ファイル\Polygon\3D</Filter>
    </ClInclude>
    <ClInclude Include="explosion.h">
      <Filter>ソース ファイル\Polygon\3D</Filter>
    </ClInclude>
    <ClInclude Include="hitBullet.h">
      <Filter>ソース ファイル\Polygon\3D</Filter>
    </ClInclude>
    <ClInclude Include="lock.h">
      <Filter>ソース ファイル\Polygon\3D</Filter>
    </ClInclude>
    <ClInclude Include="lockOn.h">
      <Filter>ソース ファイル\Polygon\3D</Filter>
    </ClInclude>
    <ClInclude Include="smoke.h">
      <Filter>ソース ファイル\Polygon\3D</Filter>
    </ClInclude>
    <ClInclude Include="tgt.h">
      <Filter>ソース ファイル\Polygon\3D</Filter>
    </ClInclude>
    <ClInclude Include="trail.h">
      <Filter>ソース ファイル\Polygon\3D</Filter>
    </ClInclude>
    <ClInclude Include="effectLoad.h">
      <Filter>ソース ファイル\Polygon\3D\Effect</Filter>
    </ClInclude>
    <ClInclude Include="effectManager.h">
      <Filter>ソース ファイル\Polygon\3D\Effect</Filter>
    </ClInclude>
    <ClInclude Include="desertField.h">
      <Filter>ソース ファイル\Polygon\3D\Field</Filter>
    </ClInclude>
    <ClInclude Include="field.h">
      <Filter>ソース ファイル\Polygon\3D\Field</Filter>
    </ClInclude>
    <ClInclude Include="meshField.h">
      <Filter>ソース ファイル\Polygon\3D\Field</Filter>
    </ClInclude>
    <ClInclude Include="seaField.h">
      <Filter>ソース ファイル\Polygon\3D\Field</Filter>
    </ClInclude>
    <ClInclude Include="titleField.h">
      <Filter>ソース ファイル\Polygon\3D\Field</Filter>
    </ClInclude>
    <ClInclude Include="game.h">
      <Filter>ソース ファイル\Scene</Filter>
    </ClInclude>
    <ClInclude Include="loading.h">
      <Filter>ソース ファイル\Scene</Filter>
    </ClInclude>
    <ClInclude Include="result.h">
      <Filter>ソース ファイル\Scene</Filter>
    </ClInclude>
    <ClInclude Include="title.h">
      <Filter>ソース ファイル\Scene</Filter>
    </ClInclude>
    <ClInclude Include="tutorial.h">
      <Filter>ソース ファイル\Scene</Filter>
    </ClInclude>
    <ClInclude Include="debug.h">
      <Filter>ソース ファイル\System</Filter>
    </ClInclude>
    <ClInclude Include="gameObject.h">
      <Filter>ソース ファイル\System</Filter>
    </ClInclude>
    <ClInclude Include="input.h">
      <Filter>ソース ファイル\System</Filter>
    </ClInclude>
    <ClInclude Include="inputx.h">
      <Filter>ソース ファイル\System</Filter>
    </ClInclude>
    <ClInclude Include="main.h">
      <Filter>ソース ファイル\System</Filter>
    </ClInclude>
    <ClInclude Include="manager.h">
      <Filter>ソース ファイル\System</Filter>
    </ClInclude>
    <ClInclude Include="model.h">
      <Filter>ソース ファイル\System</Filter>
    </ClInclude>
    <ClInclude Include="renderer.h">
      <Filter>ソース ファイル\System</Filter>
    </ClInclude>
    <ClInclude Include="scene.h">
      <Filter>ソース ファイル\System</Filter>
    </ClInclude>
  </ItemGroup>
  <ItemGroup>
    <FxCompile Include="shader\common.hlsl">
      <Filter>hlsl</Filter>
    </FxCompile>
    <FxCompile Include="shader\DepthShadowEnvMappingPS.hlsl">
      <Filter>hlsl\PS</Filter>
    </FxCompile>
    <FxCompile Include="shader\DepthShadowEnvMappingVS.hlsl">
      <Filter>hlsl\VS</Filter>
    </FxCompile>
    <FxCompile Include="shader\DepthShadowFogMappingPS.hlsl">
      <Filter>hlsl\PS</Filter>
    </FxCompile>
    <FxCompile Include="shader\DepthShadowFogMappingVS.hlsl">
      <Filter>hlsl\VS</Filter>
    </FxCompile>
    <FxCompile Include="shader\DepthShadowMappingPS.hlsl">
      <Filter>hlsl\PS</Filter>
    </FxCompile>
    <FxCompile Include="shader\DepthShadowMappingVS.hlsl">
      <Filter>hlsl\VS</Filter>
    </FxCompile>
    <FxCompile Include="shader\FogPS.hlsl">
      <Filter>hlsl\PS</Filter>
    </FxCompile>
    <FxCompile Include="shader\FogVS.hlsl">
      <Filter>hlsl\VS</Filter>
    </FxCompile>
    <FxCompile Include="shader\gaugePS.hlsl">
      <Filter>hlsl\PS</Filter>
    </FxCompile>
    <FxCompile Include="shader\gaugeVS.hlsl">
      <Filter>hlsl\VS</Filter>
    </FxCompile>
    <FxCompile Include="shader\missileGaugePS.hlsl">
      <Filter>hlsl\PS</Filter>
    </FxCompile>
    <FxCompile Include="shader\unlitTexturePS.hlsl">
      <Filter>hlsl\PS</Filter>
    </FxCompile>
    <FxCompile Include="shader\unlitTextureVS.hlsl">
      <Filter>hlsl\VS</Filter>
    </FxCompile>
    <FxCompile Include="shader\vertexLightingPS.hlsl">
      <Filter>hlsl\PS</Filter>
    </FxCompile>
    <FxCompile Include="shader\vertexLightingVS.hlsl">
      <Filter>hlsl\VS</Filter>
    </FxCompile>
    <FxCompile Include="shader\boxTexturePS.hlsl">
      <Filter>hlsl\PS</Filter>
    </FxCompile>
    <FxCompile Include="shader\DepthNormalMappingPS.hlsl">
      <Filter>hlsl\PS</Filter>
    </FxCompile>
    <FxCompile Include="shader\DepthNormalMappingVS.hlsl">
      <Filter>hlsl\VS</Filter>
    </FxCompile>
    <FxCompile Include="shader\smokeTexturePS.hlsl">
      <Filter>hlsl\PS</Filter>
    </FxCompile>
  </ItemGroup>
  <ItemGroup>
    <None Include="imgui\imgui.ini">
      <Filter>imgui</Filter>
    </None>
  </ItemGroup>
</Project>